{
  "nodes": {
    "csvs-sh": {
      "inputs": {
        "nixpkgs": "nixpkgs"
      },
      "locked": {
        "lastModified": 1651079676,
        "narHash": "sha256-AxIViFd26tbHqWBxa5coc89mnkfaDPPkSfE6JyjWX8Q=",
        "ref": "main",
        "rev": "67080695be516e71ce37f3f2b528bc9e55bdbf27",
        "revCount": 2,
        "type": "git",
        "url": "https://source.fetsorn.website/fetsorn/csvs-sh"
      },
      "original": {
        "ref": "main",
        "type": "git",
        "url": "https://source.fetsorn.website/fetsorn/csvs-sh"
      }
    },
    "csvs-ui": {
      "inputs": {
        "nixpkgs": "nixpkgs_2"
      },
      "locked": {
        "lastModified": 1651084525,
        "narHash": "sha256-i7BFMLnoW8rBjlvWOlFA40NkpOlmT6jQFPa4+0RYzRw=",
        "ref": "main",
        "rev": "640ed28373cdc7bef46aec07a8ed04d91d6ce18d",
        "revCount": 138,
        "type": "git",
        "url": "https://source.fetsorn.website/fetsorn/csvs-ui"
      },
      "original": {
        "ref": "main",
        "type": "git",
        "url": "https://source.fetsorn.website/fetsorn/csvs-ui"
      }
    },
    "nixpkgs": {
      "locked": {
        "lastModified": 1651024496,
        "narHash": "sha256-uKSrrw/neSkxX6TXPSaMyfu7iKzFrK7F6HOt6vQefGY=",
        "owner": "nixos",
        "repo": "nixpkgs",
        "rev": "d9e593ed5889f3906dc72811c45bf684be8865cf",
        "type": "github"
      },
      "original": {
        "owner": "nixos",
        "ref": "nixpkgs-unstable",
        "repo": "nixpkgs",
        "type": "github"
      }
    },
    "nixpkgs_2": {
      "locked": {
        "lastModified": 1641762318,
        "narHash": "sha256-QH3qz/f6wlPZMO7DBmFzgFq06QDtu+SWM70QTsYNUjY=",
        "owner": "fetsorn",
        "repo": "nixpkgs",
        "rev": "340e124d368809dec50a3c8c7a7f51cfecc192a8",
        "type": "github"
      },
      "original": {
        "owner": "fetsorn",
        "ref": "yarn2nix-doDist",
        "repo": "nixpkgs",
        "type": "github"
      }
    },
    "nixpkgs_3": {
      "locked": {
        "lastModified": 1651024496,
        "narHash": "sha256-uKSrrw/neSkxX6TXPSaMyfu7iKzFrK7F6HOt6vQefGY=",
        "owner": "nixos",
        "repo": "nixpkgs",
        "rev": "d9e593ed5889f3906dc72811c45bf684be8865cf",
        "type": "github"
      },
      "original": {
        "owner": "nixos",
        "ref": "nixpkgs-unstable",
        "repo": "nixpkgs",
        "type": "github"
      }
    },
    "root": {
      "inputs": {
        "csvs-sh": "csvs-sh",
        "csvs-ui": "csvs-ui",
        "nixpkgs": "nixpkgs_3"
      }
    }
  },
  "root": "root",
  "version": 7
}
